<?xml version="1.0" encoding="utf-8"?>
<Project ToolsVersion="4.0" xmlns="http://schemas.microsoft.com/developer/msbuild/2003">
  <ItemGroup>
    <Filter Include="소스 파일">
      <UniqueIdentifier>{4FC737F1-C7A5-4376-A066-2A32D752A2FF}</UniqueIdentifier>
      <Extensions>cpp;c;cc;cxx;def;odl;idl;hpj;bat;asm;asmx</Extensions>
    </Filter>
    <Filter Include="Input">
      <UniqueIdentifier>{6927788a-9f50-43ec-88a7-0d97f5c56ea0}</UniqueIdentifier>
    </Filter>
    <Filter Include="Util">
      <UniqueIdentifier>{73f861dc-3485-477e-9353-15629c89ef4d}</UniqueIdentifier>
    </Filter>
    <Filter Include="Game">
      <UniqueIdentifier>{a7ddadf1-eca7-4532-8682-2142f16336c0}</UniqueIdentifier>
    </Filter>
  </ItemGroup>
  <ItemGroup>
    <ClCompile Include="main.cpp">
      <Filter>소스 파일</Filter>
    </ClCompile>
    <ClCompile Include="Game\Input\ConsoleKeyboardInput.cpp">
      <Filter>Input</Filter>
    </ClCompile>
    <ClCompile Include="Game\Game\GameObject.cpp">
      <Filter>Game</Filter>
    </ClCompile>
    <ClCompile Include="Game\Game\GameField.cpp">
      <Filter>Game</Filter>
    </ClCompile>
    <ClCompile Include="Game\Game\Player.cpp">
      <Filter>Game</Filter>
    </ClCompile>
    <ClCompile Include="Game\Game\GameManager.cpp">
      <Filter>Game</Filter>
    </ClCompile>
    <ClCompile Include="Game\Game\Feed.cpp">
      <Filter>Game</Filter>
    </ClCompile>
  </ItemGroup>
  <ItemGroup>
    <ClInclude Include="Game\Input\ConsoleKeyboardInput.h">
      <Filter>Input</Filter>
    </ClInclude>
    <ClInclude Include="Game\ErrorDefine.h">
      <Filter>소스 파일</Filter>
    </ClInclude>
    <ClInclude Include="Game\Util.hpp">
      <Filter>Util</Filter>
    </ClInclude>
    <ClInclude Include="Game\Game\GameObject.h">
      <Filter>Game</Filter>
    </ClInclude>
    <ClInclude Include="Game\Game\GameField.h">
      <Filter>Game</Filter>
    </ClInclude>
    <ClInclude Include="Game\Game\Player.h">
      <Filter>Game</Filter>
    </ClInclude>
    <ClInclude Include="Game\Game\GameManager.h">
      <Filter>Game</Filter>
    </ClInclude>
    <ClInclude Include="Game\Game\GameManagerBase.h">
      <Filter>Game</Filter>
    </ClInclude>
    <ClInclude Include="Game\Game\Feed.h">
      <Filter>Game</Filter>
    </ClInclude>
  </ItemGroup>
</Project>